{
  "name": "json",
  "lockfileVersion": 3,
  "requires": true,
  "packages": {
    "": {
      "dependencies": {
        "@denosaurs/log": "npm:@jsr/denosaurs__log",
        "@std/json": "npm:@jsr/std__json"
      }
    },
    "node_modules/@denosaurs/log": {
      "name": "@jsr/denosaurs__log",
      "version": "0.0.1",
      "resolved": "https://npm.jsr.io/~/2/@jsr/denosaurs__log/0.0.1.tgz",
      "integrity": "sha512-4g/3T18SSJhs8S69t7cRZak479bp5uRvGa4cJk6xwn+QGj+sEjeBUxCfRF1HJBCcKIlaibapAFUJBbMPwfItCQ=="
    },
    "node_modules/@jsr/std__assert": {
      "version": "0.216.0",
      "resolved": "https://npm.jsr.io/~/2/@jsr/std__assert/0.216.0.tgz",
      "integrity": "sha512-87FDSv+IP30WCKdImISdWko/2a5RR/Al9gjrr9oTWSGuIhafCdAudnnmEpLKRsaT1i14qi/pHuM/WK+183D3cw==",
      "dependencies": {
        "@jsr/std__fmt": "^0.216.0"
      }
    },
    "node_modules/@jsr/std__bytes": {
      "version": "0.216.0",
      "resolved": "https://npm.jsr.io/~/2/@jsr/std__bytes/0.216.0.tgz",
      "integrity": "sha512-dkAiCTI8aXFJFYi+4L/xMoQIwmWbNZK9BJv4ZhJecGR8GzQm5OljjCVKTZoYyuXCCaC/ZAi+h5Wu/gCJ+kn2TA=="
    },
    "node_modules/@jsr/std__fmt": {
      "version": "0.216.0",
      "resolved": "https://npm.jsr.io/~/2/@jsr/std__fmt/0.216.0.tgz",
      "integrity": "sha512-fo89vqJx5msGU4QlOVHaoPLHWgRfRjIiaLcD9l46fTQ+T9ANJjgH5yaclpoJJJ6BYU9iLCrxD9sKr+aKppTjvQ=="
    },
    "node_modules/@jsr/std__io": {
      "version": "0.216.0",
      "resolved": "https://npm.jsr.io/~/2/@jsr/std__io/0.216.0.tgz",
      "integrity": "sha512-Aju+p66kpPqoGPxR0qHL4/y8V0NEYVvuc39wYN2Pp9ntQYMvtmPrK2Gf7UuMsSgG68EAGZsAeDmyrVpFx4N/tA==",
      "dependencies": {
        "@jsr/std__assert": "^0.216.0",
        "@jsr/std__bytes": "^0.216.0"
      }
    },
    "node_modules/@jsr/std__streams": {
      "version": "0.216.0",
      "resolved": "https://npm.jsr.io/~/2/@jsr/std__streams/0.216.0.tgz",
      "integrity": "sha512-nfT8sCbnrVq/ZO9nCPqLud8GE5VX0/bdrUrHoJopBaS+kenuWbiPdC5wd+PMCz9OuUBsr2FQfkb5TUaI1Vpb/A==",
      "dependencies": {
        "@jsr/std__assert": "^0.216.0",
        "@jsr/std__bytes": "^0.216.0",
        "@jsr/std__io": "^0.216.0"
      }
    },
    "node_modules/@std/json": {
      "name": "@jsr/std__json",
      "version": "0.216.0",
      "resolved": "https://npm.jsr.io/~/2/@jsr/std__json/0.216.0.tgz",
      "integrity": "sha512-VZL65RyRCmUAmTVoF/Xy/KOQPhu+oJfOv1ppEkM/Rz1qBRoaUj05nSLQQORFMlGkr9Rpes86L9gsHcWNwEhCLw==",
      "dependencies": {
        "@jsr/std__streams": "^0.216.0"
      }
    }
  }
}
